
Microsoft Visual Studio Solution File, Format Version 12.00
# Visual Studio Version 16
VisualStudioVersion = 16.0.31829.152
MinimumVisualStudioVersion = 10.0.40219.1
Project("{FAE04EC0-301F-11D3-BF4B-00C04F79EFBC}") = "VacationSystem", "VacationSystem\VacationSystem.csproj", "{DCDB42F9-221B-41CA-9C56-6F6CFDD23057}"
EndProject
Global
	GlobalSection(SolutionConfigurationPlatforms) = preSolution
		Debug|Any CPU = Debug|Any CPU
		Release|Any CPU = Release|Any CPU
	EndGlobalSection
	GlobalSection(ProjectConfigurationPlatforms) = postSolution
		{DCDB42F9-221B-41CA-9C56-6F6CFDD23057}.Debug|Any CPU.ActiveCfg = Debug|Any CPU
		{DCDB42F9-221B-41CA-9C56-6F6CFDD23057}.Debug|Any CPU.Build.0 = Debug|Any CPU
		{DCDB42F9-221B-41CA-9C56-6F6CFDD23057}.Release|Any CPU.ActiveCfg = Release|Any CPU
		{DCDB42F9-221B-41CA-9C56-6F6CFDD23057}.Release|Any CPU.Build.0 = Release|Any CPU
	EndGlobalSection
	GlobalSection(SolutionProperties) = preSolution
		HideSolutionNode = FALSE
	EndGlobalSection
	GlobalSection(ExtensibilityGlobals) = postSolution
		SolutionGuid = {96A31BFD-6387-4A23-9550-ED7002250211}
	EndGlobalSection
EndGlobal
